
Microsoft Visual Studio Solution File, Format Version 12.00
# Visual Studio Version 16
VisualStudioVersion = 16.0.30503.244
MinimumVisualStudioVersion = 10.0.40219.1
Project("{8BC9CEB8-8B4A-11D0-8D11-00A0C91BC942}") = "Project20", "Project20\Project20.vcxproj", "{0B547077-C1A5-43F5-8A83-BB5E6DE3E711}"
EndProject
Global
	GlobalSection(SolutionConfigurationPlatforms) = preSolution
		Debug|x64 = Debug|x64
		Debug|x86 = Debug|x86
		Release|x64 = Release|x64
		Release|x86 = Release|x86
	EndGlobalSection
	GlobalSection(ProjectConfigurationPlatforms) = postSolution
		{0B547077-C1A5-43F5-8A83-BB5E6DE3E711}.Debug|x64.ActiveCfg = Debug|x64
		{0B547077-C1A5-43F5-8A83-BB5E6DE3E711}.Debug|x64.Build.0 = Debug|x64
		{0B547077-C1A5-43F5-8A83-BB5E6DE3E711}.Debug|x86.ActiveCfg = Debug|Win32
		{0B547077-C1A5-43F5-8A83-BB5E6DE3E711}.Debug|x86.Build.0 = Debug|Win32
		{0B547077-C1A5-43F5-8A83-BB5E6DE3E711}.Release|x64.ActiveCfg = Release|x64
		{0B547077-C1A5-43F5-8A83-BB5E6DE3E711}.Release|x64.Build.0 = Release|x64
		{0B547077-C1A5-43F5-8A83-BB5E6DE3E711}.Release|x86.ActiveCfg = Release|Win32
		{0B547077-C1A5-43F5-8A83-BB5E6DE3E711}.Release|x86.Build.0 = Release|Win32
	EndGlobalSection
	GlobalSection(SolutionProperties) = preSolution
		HideSolutionNode = FALSE
	EndGlobalSection
	GlobalSection(ExtensibilityGlobals) = postSolution
		SolutionGuid = {15B23CAA-2D78-4B81-ABBB-2C097F841503}
	EndGlobalSection
EndGlobal
